
Microsoft Visual Studio Solution File, Format Version 12.00
# Visual Studio 14
VisualStudioVersion = 14.0.25123.0
MinimumVisualStudioVersion = 10.0.40219.1
Project("{FAE04EC0-301F-11D3-BF4B-00C04F79EFBC}") = "mis_stock_kh", "clinickh\mis_stock_kh.csproj", "{4A51D2F6-0DB0-4821-86C1-7B2366315EE9}"
EndProject
Global
	GlobalSection(SolutionConfigurationPlatforms) = preSolution
		Debug|Any CPU = Debug|Any CPU
		Release|Any CPU = Release|Any CPU
	EndGlobalSection
	GlobalSection(ProjectConfigurationPlatforms) = postSolution
		{4A51D2F6-0DB0-4821-86C1-7B2366315EE9}.Debug|Any CPU.ActiveCfg = Debug|Any CPU
		{4A51D2F6-0DB0-4821-86C1-7B2366315EE9}.Debug|Any CPU.Build.0 = Debug|Any CPU
		{4A51D2F6-0DB0-4821-86C1-7B2366315EE9}.Release|Any CPU.ActiveCfg = Release|Any CPU
		{4A51D2F6-0DB0-4821-86C1-7B2366315EE9}.Release|Any CPU.Build.0 = Release|Any CPU
	EndGlobalSection
	GlobalSection(SolutionProperties) = preSolution
		HideSolutionNode = FALSE
	EndGlobalSection
	GlobalSection(ExtensibilityGlobals) = postSolution
		SolutionGuid = {5882F804-CEA4-4ABF-95D7-F4ADF1732B67}
	EndGlobalSection
EndGlobal
